
Microsoft Visual Studio Solution File, Format Version 12.00
# Visual Studio Version 16
VisualStudioVersion = 16.0.34601.136
MinimumVisualStudioVersion = 10.0.40219.1
Project("{9A19103F-16F7-4668-BE54-9A1E7A4F7556}") = "Employers-Application", "Employers-Application\Employers-Application.csproj", "{137FB35B-5934-4C8E-BCFC-30B8220A7649}"
EndProject
Project("{FAE04EC0-301F-11D3-BF4B-00C04F79EFBC}") = "EmployerApplications", "EmployerApplications\EmployerApplications.csproj", "{52F99D11-CD80-4225-BEC6-6712BE295EF1}"
EndProject
Global
	GlobalSection(SolutionConfigurationPlatforms) = preSolution
		Debug|Any CPU = Debug|Any CPU
		Release|Any CPU = Release|Any CPU
	EndGlobalSection
	GlobalSection(ProjectConfigurationPlatforms) = postSolution
		{137FB35B-5934-4C8E-BCFC-30B8220A7649}.Debug|Any CPU.ActiveCfg = Debug|Any CPU
		{137FB35B-5934-4C8E-BCFC-30B8220A7649}.Debug|Any CPU.Build.0 = Debug|Any CPU
		{137FB35B-5934-4C8E-BCFC-30B8220A7649}.Release|Any CPU.ActiveCfg = Release|Any CPU
		{137FB35B-5934-4C8E-BCFC-30B8220A7649}.Release|Any CPU.Build.0 = Release|Any CPU
		{52F99D11-CD80-4225-BEC6-6712BE295EF1}.Debug|Any CPU.ActiveCfg = Debug|Any CPU
		{52F99D11-CD80-4225-BEC6-6712BE295EF1}.Debug|Any CPU.Build.0 = Debug|Any CPU
		{52F99D11-CD80-4225-BEC6-6712BE295EF1}.Release|Any CPU.ActiveCfg = Release|Any CPU
		{52F99D11-CD80-4225-BEC6-6712BE295EF1}.Release|Any CPU.Build.0 = Release|Any CPU
	EndGlobalSection
	GlobalSection(SolutionProperties) = preSolution
		HideSolutionNode = FALSE
	EndGlobalSection
	GlobalSection(ExtensibilityGlobals) = postSolution
		SolutionGuid = {09A6A259-C5B1-46A3-ABAB-B09610D603F9}
	EndGlobalSection
EndGlobal
